{
  "name": "miniproject",
  "lockfileVersion": 3,
  "requires": true,
  "packages": {
    "": {
      "devDependencies": {
        "@types/angular": "^1.8.9",
        "@types/jquery": "^3.5.29"
      }
    },
    "node_modules/@types/angular": {
      "version": "1.8.9",
      "resolved": "https://registry.npmjs.org/@types/angular/-/angular-1.8.9.tgz",
      "integrity": "sha512-Z0HukqZkx0fotsV3QO00yqU9NzcQI+tMcrum+8MvfB4ePqCawZctF/gz6QiuII+T1ax+LitNoPx/eICTgnF4sg==",
      "dev": true
    },
    "node_modules/@types/jquery": {
      "version": "3.5.29",
      "resolved": "https://registry.npmjs.org/@types/jquery/-/jquery-3.5.29.tgz",
      "integrity": "sha512-oXQQC9X9MOPRrMhPHHOsXqeQDnWeCDT3PelUIg/Oy8FAbzSZtFHRjc7IpbfFVmpLtJ+UOoywpRsuO5Jxjybyeg==",
      "dev": true,
      "dependencies": {
        "@types/sizzle": "*"
      }
    },
    "node_modules/@types/sizzle": {
      "version": "2.3.8",
      "resolved": "https://registry.npmjs.org/@types/sizzle/-/sizzle-2.3.8.tgz",
      "integrity": "sha512-0vWLNK2D5MT9dg0iOo8GlKguPAU02QjmZitPEsXRuJXU/OGIOt9vT9Fc26wtYuavLxtO45v9PGleoL9Z0k1LHg==",
      "dev": true
    }
  }
}
